
Microsoft Visual Studio Solution File, Format Version 12.00
# Visual Studio 15
VisualStudioVersion = 15.0.28307.852
MinimumVisualStudioVersion = 10.0.40219.1
Project("{FAE04EC0-301F-11D3-BF4B-00C04F79EFBC}") = "hoi4_modifier", "hoi4_modifier\hoi4_modifier.csproj", "{CA52AA47-660A-4397-91BC-7FA049F04A66}"
EndProject
Global
	GlobalSection(SolutionConfigurationPlatforms) = preSolution
		Debug|Any CPU = Debug|Any CPU
		Release|Any CPU = Release|Any CPU
	EndGlobalSection
	GlobalSection(ProjectConfigurationPlatforms) = postSolution
		{CA52AA47-660A-4397-91BC-7FA049F04A66}.Debug|Any CPU.ActiveCfg = Debug|Any CPU
		{CA52AA47-660A-4397-91BC-7FA049F04A66}.Debug|Any CPU.Build.0 = Debug|Any CPU
		{CA52AA47-660A-4397-91BC-7FA049F04A66}.Release|Any CPU.ActiveCfg = Release|Any CPU
		{CA52AA47-660A-4397-91BC-7FA049F04A66}.Release|Any CPU.Build.0 = Release|Any CPU
	EndGlobalSection
	GlobalSection(SolutionProperties) = preSolution
		HideSolutionNode = FALSE
	EndGlobalSection
	GlobalSection(ExtensibilityGlobals) = postSolution
		SolutionGuid = {1401D7D8-BC7B-47E3-873A-7A07BC5D626B}
	EndGlobalSection
EndGlobal
